
Microsoft Visual Studio Solution File, Format Version 12.00
# Visual Studio Version 17
VisualStudioVersion = 17.0.31903.59
MinimumVisualStudioVersion = 10.0.40219.1
Project("{9A19103F-16F7-4668-BE54-9A1E7A4F7556}") = "DaouCalendarOverlay", "DaouCalendarOverlay\DaouCalendarOverlay.csproj", "{CCB0F858-9827-4C87-A6C4-4D42A0ED63A1}"
EndProject
Project("{2150E333-8FDC-42A3-9474-1A3956D46DE8}") = "tests", "tests", "{0AB3BF05-4346-4AA6-1389-037BE0695223}"
EndProject
Project("{FAE04EC0-301F-11D3-BF4B-00C04F79EFBC}") = "DaouCalendarOverlay.Tests", "tests\DaouCalendarOverlay.Tests\DaouCalendarOverlay.Tests.csproj", "{5D5EA4B3-1BB0-4910-899A-8A7685B19979}"
EndProject
Global
	GlobalSection(SolutionConfigurationPlatforms) = preSolution
		Debug|Any CPU = Debug|Any CPU
		Debug|x64 = Debug|x64
		Debug|x86 = Debug|x86
		Release|Any CPU = Release|Any CPU
		Release|x64 = Release|x64
		Release|x86 = Release|x86
	EndGlobalSection
	GlobalSection(ProjectConfigurationPlatforms) = postSolution
		{CCB0F858-9827-4C87-A6C4-4D42A0ED63A1}.Debug|Any CPU.ActiveCfg = Debug|Any CPU
		{CCB0F858-9827-4C87-A6C4-4D42A0ED63A1}.Debug|Any CPU.Build.0 = Debug|Any CPU
		{CCB0F858-9827-4C87-A6C4-4D42A0ED63A1}.Debug|x64.ActiveCfg = Debug|Any CPU
		{CCB0F858-9827-4C87-A6C4-4D42A0ED63A1}.Debug|x64.Build.0 = Debug|Any CPU
		{CCB0F858-9827-4C87-A6C4-4D42A0ED63A1}.Debug|x86.ActiveCfg = Debug|Any CPU
		{CCB0F858-9827-4C87-A6C4-4D42A0ED63A1}.Debug|x86.Build.0 = Debug|Any CPU
		{CCB0F858-9827-4C87-A6C4-4D42A0ED63A1}.Release|Any CPU.ActiveCfg = Release|Any CPU
		{CCB0F858-9827-4C87-A6C4-4D42A0ED63A1}.Release|Any CPU.Build.0 = Release|Any CPU
		{CCB0F858-9827-4C87-A6C4-4D42A0ED63A1}.Release|x64.ActiveCfg = Release|Any CPU
		{CCB0F858-9827-4C87-A6C4-4D42A0ED63A1}.Release|x64.Build.0 = Release|Any CPU
		{CCB0F858-9827-4C87-A6C4-4D42A0ED63A1}.Release|x86.ActiveCfg = Release|Any CPU
		{CCB0F858-9827-4C87-A6C4-4D42A0ED63A1}.Release|x86.Build.0 = Release|Any CPU
		{5D5EA4B3-1BB0-4910-899A-8A7685B19979}.Debug|Any CPU.ActiveCfg = Debug|Any CPU
		{5D5EA4B3-1BB0-4910-899A-8A7685B19979}.Debug|Any CPU.Build.0 = Debug|Any CPU
		{5D5EA4B3-1BB0-4910-899A-8A7685B19979}.Debug|x64.ActiveCfg = Debug|Any CPU
		{5D5EA4B3-1BB0-4910-899A-8A7685B19979}.Debug|x64.Build.0 = Debug|Any CPU
		{5D5EA4B3-1BB0-4910-899A-8A7685B19979}.Debug|x86.ActiveCfg = Debug|Any CPU
		{5D5EA4B3-1BB0-4910-899A-8A7685B19979}.Debug|x86.Build.0 = Debug|Any CPU
		{5D5EA4B3-1BB0-4910-899A-8A7685B19979}.Release|Any CPU.ActiveCfg = Release|Any CPU
		{5D5EA4B3-1BB0-4910-899A-8A7685B19979}.Release|Any CPU.Build.0 = Release|Any CPU
		{5D5EA4B3-1BB0-4910-899A-8A7685B19979}.Release|x64.ActiveCfg = Release|Any CPU
		{5D5EA4B3-1BB0-4910-899A-8A7685B19979}.Release|x64.Build.0 = Release|Any CPU
		{5D5EA4B3-1BB0-4910-899A-8A7685B19979}.Release|x86.ActiveCfg = Release|Any CPU
		{5D5EA4B3-1BB0-4910-899A-8A7685B19979}.Release|x86.Build.0 = Release|Any CPU
	EndGlobalSection
	GlobalSection(SolutionProperties) = preSolution
		HideSolutionNode = FALSE
	EndGlobalSection
	GlobalSection(NestedProjects) = preSolution
		{5D5EA4B3-1BB0-4910-899A-8A7685B19979} = {0AB3BF05-4346-4AA6-1389-037BE0695223}
	EndGlobalSection
EndGlobal
